
Microsoft Visual Studio Solution File, Format Version 12.00
# Visual Studio Version 17
VisualStudioVersion = 17.11.35312.102
MinimumVisualStudioVersion = 10.0.40219.1
Project("{9A19103F-16F7-4668-BE54-9A1E7A4F7556}") = "BabyHaven.Repositories", "BabyHaven.Repositories\BabyHaven.Repositories.csproj", "{9137DC70-AC05-40A6-87DE-0ED38041A422}"
EndProject
Project("{FAE04EC0-301F-11D3-BF4B-00C04F79EFBC}") = "BabyHaven.Services", "BabyHaven.Services\BabyHaven.Services.csproj", "{72F9B08E-4B31-42F3-AF51-CCC3A37CAD41}"
EndProject
Project("{FAE04EC0-301F-11D3-BF4B-00C04F79EFBC}") = "BabyHaven.Common", "BabyHaven.Common\BabyHaven.Common.csproj", "{5DEEC49B-B6BA-4010-B678-C4774AFC5433}"
EndProject
Project("{FAE04EC0-301F-11D3-BF4B-00C04F79EFBC}") = "BabyHaven.APIService", "BabyHaven.APIService\BabyHaven.APIService.csproj", "{215F8590-5A57-4614-BCCB-93D33E3C4C6A}"
EndProject
Global
	GlobalSection(SolutionConfigurationPlatforms) = preSolution
		Debug|Any CPU = Debug|Any CPU
		Release|Any CPU = Release|Any CPU
	EndGlobalSection
	GlobalSection(ProjectConfigurationPlatforms) = postSolution
		{9137DC70-AC05-40A6-87DE-0ED38041A422}.Debug|Any CPU.ActiveCfg = Debug|Any CPU
		{9137DC70-AC05-40A6-87DE-0ED38041A422}.Debug|Any CPU.Build.0 = Debug|Any CPU
		{9137DC70-AC05-40A6-87DE-0ED38041A422}.Release|Any CPU.ActiveCfg = Release|Any CPU
		{9137DC70-AC05-40A6-87DE-0ED38041A422}.Release|Any CPU.Build.0 = Release|Any CPU
		{72F9B08E-4B31-42F3-AF51-CCC3A37CAD41}.Debug|Any CPU.ActiveCfg = Debug|Any CPU
		{72F9B08E-4B31-42F3-AF51-CCC3A37CAD41}.Debug|Any CPU.Build.0 = Debug|Any CPU
		{72F9B08E-4B31-42F3-AF51-CCC3A37CAD41}.Release|Any CPU.ActiveCfg = Release|Any CPU
		{72F9B08E-4B31-42F3-AF51-CCC3A37CAD41}.Release|Any CPU.Build.0 = Release|Any CPU
		{5DEEC49B-B6BA-4010-B678-C4774AFC5433}.Debug|Any CPU.ActiveCfg = Debug|Any CPU
		{5DEEC49B-B6BA-4010-B678-C4774AFC5433}.Debug|Any CPU.Build.0 = Debug|Any CPU
		{5DEEC49B-B6BA-4010-B678-C4774AFC5433}.Release|Any CPU.ActiveCfg = Release|Any CPU
		{5DEEC49B-B6BA-4010-B678-C4774AFC5433}.Release|Any CPU.Build.0 = Release|Any CPU
		{215F8590-5A57-4614-BCCB-93D33E3C4C6A}.Debug|Any CPU.ActiveCfg = Debug|Any CPU
		{215F8590-5A57-4614-BCCB-93D33E3C4C6A}.Debug|Any CPU.Build.0 = Debug|Any CPU
		{215F8590-5A57-4614-BCCB-93D33E3C4C6A}.Release|Any CPU.ActiveCfg = Release|Any CPU
		{215F8590-5A57-4614-BCCB-93D33E3C4C6A}.Release|Any CPU.Build.0 = Release|Any CPU
	EndGlobalSection
	GlobalSection(SolutionProperties) = preSolution
		HideSolutionNode = FALSE
	EndGlobalSection
	GlobalSection(ExtensibilityGlobals) = postSolution
		SolutionGuid = {6EFF0F5A-78C4-4F2F-A467-445259188C0A}
	EndGlobalSection
EndGlobal
